
Microsoft Visual Studio Solution File, Format Version 12.00
# Visual Studio Version 17
VisualStudioVersion = 17.11.35327.3
MinimumVisualStudioVersion = 10.0.40219.1
Project("{FAE04EC0-301F-11D3-BF4B-00C04F79EFBC}") = "InvestmentManagementMVC", "InvestmentManagementMVC\InvestmentManagementMVC.csproj", "{EEFEB7B7-B30D-42C1-B53D-6C303568E714}"
EndProject
Global
	GlobalSection(SolutionConfigurationPlatforms) = preSolution
		Debug|Any CPU = Debug|Any CPU
		Release|Any CPU = Release|Any CPU
	EndGlobalSection
	GlobalSection(ProjectConfigurationPlatforms) = postSolution
		{EEFEB7B7-B30D-42C1-B53D-6C303568E714}.Debug|Any CPU.ActiveCfg = Debug|Any CPU
		{EEFEB7B7-B30D-42C1-B53D-6C303568E714}.Debug|Any CPU.Build.0 = Debug|Any CPU
		{EEFEB7B7-B30D-42C1-B53D-6C303568E714}.Release|Any CPU.ActiveCfg = Release|Any CPU
		{EEFEB7B7-B30D-42C1-B53D-6C303568E714}.Release|Any CPU.Build.0 = Release|Any CPU
	EndGlobalSection
	GlobalSection(SolutionProperties) = preSolution
		HideSolutionNode = FALSE
	EndGlobalSection
	GlobalSection(ExtensibilityGlobals) = postSolution
		SolutionGuid = {F22A287B-469D-4E8E-9130-A654B1B0478A}
	EndGlobalSection
EndGlobal
